
Microsoft Visual Studio Solution File, Format Version 12.00
# Visual Studio 2012
Project("{FAE04EC0-301F-11D3-BF4B-00C04F79EFBC}") = "TodoApp", "TodoApp.csproj", "{9915A8AF-FFF6-47DD-BB5B-163E62122163}"
EndProject
Global
	GlobalSection(SolutionConfigurationPlatforms) = preSolution
		Debug|Any CPU = Debug|Any CPU
		Release|Any CPU = Release|Any CPU
	EndGlobalSection
	GlobalSection(ProjectConfigurationPlatforms) = postSolution
		{9915A8AF-FFF6-47DD-BB5B-163E62122163}.Debug|Any CPU.ActiveCfg = Debug|Any CPU
		{9915A8AF-FFF6-47DD-BB5B-163E62122163}.Debug|Any CPU.Build.0 = Debug|Any CPU
		{9915A8AF-FFF6-47DD-BB5B-163E62122163}.Release|Any CPU.ActiveCfg = Release|Any CPU
		{9915A8AF-FFF6-47DD-BB5B-163E62122163}.Release|Any CPU.Build.0 = Release|Any CPU
	EndGlobalSection
	GlobalSection(SolutionProperties) = preSolution
		HideSolutionNode = FALSE
	EndGlobalSection
EndGlobal
